
Microsoft Visual Studio Solution File, Format Version 12.00
# Visual Studio 15
VisualStudioVersion = 15.0.28307.329
MinimumVisualStudioVersion = 10.0.40219.1
Project("{9A19103F-16F7-4668-BE54-9A1E7A4F7556}") = "AutoSchool", "AutoSchool\AutoSchool.csproj", "{49A52E44-F777-4DBC-A517-5BA7FF3BE09E}"
EndProject
Project("{9A19103F-16F7-4668-BE54-9A1E7A4F7556}") = "DataService", "DataService\DataService.csproj", "{C309E4BB-27BB-493D-8FCC-4D87E3B15802}"
EndProject
Project("{9A19103F-16F7-4668-BE54-9A1E7A4F7556}") = "Common", "Common\Common.csproj", "{ECD3225C-D3CD-4FD1-9AA3-15BA49713245}"
EndProject
Project("{9A19103F-16F7-4668-BE54-9A1E7A4F7556}") = "DataAccess", "DataAccess\DataAccess.csproj", "{830AF77B-BB8E-4F71-85AB-A9000BAD4C25}"
EndProject
Project("{FAE04EC0-301F-11D3-BF4B-00C04F79EFBC}") = "UI", "UI\UI.csproj", "{3A0EC235-4154-4AA2-A632-CEF2A19EC538}"
EndProject
Global
	GlobalSection(SolutionConfigurationPlatforms) = preSolution
		Debug|Any CPU = Debug|Any CPU
		Release|Any CPU = Release|Any CPU
	EndGlobalSection
	GlobalSection(ProjectConfigurationPlatforms) = postSolution
		{49A52E44-F777-4DBC-A517-5BA7FF3BE09E}.Debug|Any CPU.ActiveCfg = Debug|Any CPU
		{49A52E44-F777-4DBC-A517-5BA7FF3BE09E}.Debug|Any CPU.Build.0 = Debug|Any CPU
		{49A52E44-F777-4DBC-A517-5BA7FF3BE09E}.Release|Any CPU.ActiveCfg = Release|Any CPU
		{49A52E44-F777-4DBC-A517-5BA7FF3BE09E}.Release|Any CPU.Build.0 = Release|Any CPU
		{C309E4BB-27BB-493D-8FCC-4D87E3B15802}.Debug|Any CPU.ActiveCfg = Debug|Any CPU
		{C309E4BB-27BB-493D-8FCC-4D87E3B15802}.Debug|Any CPU.Build.0 = Debug|Any CPU
		{C309E4BB-27BB-493D-8FCC-4D87E3B15802}.Release|Any CPU.ActiveCfg = Release|Any CPU
		{C309E4BB-27BB-493D-8FCC-4D87E3B15802}.Release|Any CPU.Build.0 = Release|Any CPU
		{ECD3225C-D3CD-4FD1-9AA3-15BA49713245}.Debug|Any CPU.ActiveCfg = Debug|Any CPU
		{ECD3225C-D3CD-4FD1-9AA3-15BA49713245}.Debug|Any CPU.Build.0 = Debug|Any CPU
		{ECD3225C-D3CD-4FD1-9AA3-15BA49713245}.Release|Any CPU.ActiveCfg = Release|Any CPU
		{ECD3225C-D3CD-4FD1-9AA3-15BA49713245}.Release|Any CPU.Build.0 = Release|Any CPU
		{830AF77B-BB8E-4F71-85AB-A9000BAD4C25}.Debug|Any CPU.ActiveCfg = Debug|Any CPU
		{830AF77B-BB8E-4F71-85AB-A9000BAD4C25}.Debug|Any CPU.Build.0 = Debug|Any CPU
		{830AF77B-BB8E-4F71-85AB-A9000BAD4C25}.Release|Any CPU.ActiveCfg = Release|Any CPU
		{830AF77B-BB8E-4F71-85AB-A9000BAD4C25}.Release|Any CPU.Build.0 = Release|Any CPU
		{3A0EC235-4154-4AA2-A632-CEF2A19EC538}.Debug|Any CPU.ActiveCfg = Debug|Any CPU
		{3A0EC235-4154-4AA2-A632-CEF2A19EC538}.Debug|Any CPU.Build.0 = Debug|Any CPU
		{3A0EC235-4154-4AA2-A632-CEF2A19EC538}.Release|Any CPU.ActiveCfg = Release|Any CPU
		{3A0EC235-4154-4AA2-A632-CEF2A19EC538}.Release|Any CPU.Build.0 = Release|Any CPU
	EndGlobalSection
	GlobalSection(SolutionProperties) = preSolution
		HideSolutionNode = FALSE
	EndGlobalSection
	GlobalSection(ExtensibilityGlobals) = postSolution
		SolutionGuid = {E76A82CD-F26F-4828-8522-55FBD941A5DE}
	EndGlobalSection
EndGlobal
